
Microsoft Visual Studio Solution File, Format Version 12.00
# Visual Studio Version 17
VisualStudioVersion = 17.5.33516.290
MinimumVisualStudioVersion = 10.0.40219.1
Project("{9A19103F-16F7-4668-BE54-9A1E7A4F7556}") = "LeetCode", "LeetCode\LeetCode.csproj", "{9C7B8D37-1144-4E29-B8FF-1949A4563BDF}"
EndProject
Project("{2150E333-8FDC-42A3-9474-1A3956D46DE8}") = "Mapper", "Mapper", "{E4A10CF1-DFD5-45E9-8AC5-3DF575BA77F2}"
	ProjectSection(SolutionItems) = preProject
		Mappers.cs = Mappers.cs
	EndProjectSection
EndProject
Global
	GlobalSection(SolutionConfigurationPlatforms) = preSolution
		Debug|Any CPU = Debug|Any CPU
		Release|Any CPU = Release|Any CPU
	EndGlobalSection
	GlobalSection(ProjectConfigurationPlatforms) = postSolution
		{9C7B8D37-1144-4E29-B8FF-1949A4563BDF}.Debug|Any CPU.ActiveCfg = Debug|Any CPU
		{9C7B8D37-1144-4E29-B8FF-1949A4563BDF}.Debug|Any CPU.Build.0 = Debug|Any CPU
		{9C7B8D37-1144-4E29-B8FF-1949A4563BDF}.Release|Any CPU.ActiveCfg = Release|Any CPU
		{9C7B8D37-1144-4E29-B8FF-1949A4563BDF}.Release|Any CPU.Build.0 = Release|Any CPU
	EndGlobalSection
	GlobalSection(SolutionProperties) = preSolution
		HideSolutionNode = FALSE
	EndGlobalSection
	GlobalSection(ExtensibilityGlobals) = postSolution
		SolutionGuid = {890056C3-7C06-4E22-A5DB-B3D69A915DE0}
	EndGlobalSection
EndGlobal
